
Microsoft Visual Studio Solution File, Format Version 12.00
# Visual Studio Version 16
VisualStudioVersion = 16.0.31321.278
MinimumVisualStudioVersion = 10.0.40219.1
Project("{FAE04EC0-301F-11D3-BF4B-00C04F79EFBC}") = "AlpineSkiHouse", "AlpineSkiHouse\AlpineSkiHouse.csproj", "{780AB131-7F2D-446F-8844-4F8F4F554C25}"
EndProject
Global
	GlobalSection(SolutionConfigurationPlatforms) = preSolution
		Debug|Any CPU = Debug|Any CPU
		Release|Any CPU = Release|Any CPU
	EndGlobalSection
	GlobalSection(ProjectConfigurationPlatforms) = postSolution
		{780AB131-7F2D-446F-8844-4F8F4F554C25}.Debug|Any CPU.ActiveCfg = Debug|Any CPU
		{780AB131-7F2D-446F-8844-4F8F4F554C25}.Debug|Any CPU.Build.0 = Debug|Any CPU
		{780AB131-7F2D-446F-8844-4F8F4F554C25}.Release|Any CPU.ActiveCfg = Release|Any CPU
		{780AB131-7F2D-446F-8844-4F8F4F554C25}.Release|Any CPU.Build.0 = Release|Any CPU
	EndGlobalSection
	GlobalSection(SolutionProperties) = preSolution
		HideSolutionNode = FALSE
	EndGlobalSection
	GlobalSection(ExtensibilityGlobals) = postSolution
		SolutionGuid = {8039D7AB-CDB0-492B-878A-458CC8873E7A}
	EndGlobalSection
EndGlobal
